<?xml version="1.0" encoding="utf-8"?>
<Project ToolsVersion="4.0" xmlns="http://schemas.microsoft.com/developer/msbuild/2003">
  <ItemGroup>
    <Filter Include="Source Files">
      <UniqueIdentifier>{317d43b7-fb46-4e2f-b8a4-e084a729f9dd}</UniqueIdentifier>
      <Extensions>cpp;c;cxx;rc;def;r;odl;idl;hpj;bat</Extensions>
    </Filter>
    <Filter Include="Source Files\LZH">
      <UniqueIdentifier>{33ab9d2b-3c9b-4730-bbe6-e9134df2a655}</UniqueIdentifier>
    </Filter>
    <Filter Include="Header Files">
      <UniqueIdentifier>{2ec258a4-7ea6-4c03-b914-f8c4cd9bfc9e}</UniqueIdentifier>
      <Extensions>h;hpp;hxx;hm;inl</Extensions>
    </Filter>
  </ItemGroup>
  <ItemGroup>
    <ClCompile Include="digidrum.cpp">
      <Filter>Source Files</Filter>
    </ClCompile>
    <ClCompile Include="Ym2149Ex.cpp">
      <Filter>Source Files</Filter>
    </ClCompile>
    <ClCompile Include="Ymload.cpp">
      <Filter>Source Files</Filter>
    </ClCompile>
    <ClCompile Include="YmMusic.cpp">
      <Filter>Source Files</Filter>
    </ClCompile>
    <ClCompile Include="YmUserInterface.cpp">
      <Filter>Source Files</Filter>
    </ClCompile>
    <ClCompile Include="LZH\LzhLib.cpp">
      <Filter>Source Files\LZH</Filter>
    </ClCompile>
  </ItemGroup>
  <ItemGroup>
    <ClInclude Include="LZH\LZH.H">
      <Filter>Source Files\LZH</Filter>
    </ClInclude>
    <ClInclude Include="digidrum.h">
      <Filter>Header Files</Filter>
    </ClInclude>
    <ClInclude Include="StSoundLibrary.h">
      <Filter>Header Files</Filter>
    </ClInclude>
    <ClInclude Include="Ym2149Ex.h">
      <Filter>Header Files</Filter>
    </ClInclude>
    <ClInclude Include="Ymload.h">
      <Filter>Header Files</Filter>
    </ClInclude>
    <ClInclude Include="YmMusic.h">
      <Filter>Header Files</Filter>
    </ClInclude>
    <ClInclude Include="YmTypes.h">
      <Filter>Header Files</Filter>
    </ClInclude>
  </ItemGroup>
</Project>