<?xml version="1.0" encoding="utf-8"?>
<Project ToolsVersion="4.0" xmlns="http://schemas.microsoft.com/developer/msbuild/2003">
  <ItemGroup>
    <Filter Include="Engine">
      <UniqueIdentifier>{5881c03a-c443-48a6-bc0f-ecde7f8fa8d6}</UniqueIdentifier>
    </Filter>
  </ItemGroup>
  <ItemGroup>
    <ClCompile Include="Engine\D9Debug.cpp">
      <Filter>Engine</Filter>
    </ClCompile>
    <ClCompile Include="Engine\E9System.cpp">
      <Filter>Engine</Filter>
    </ClCompile>
    <ClCompile Include="Engine\R9Img.cpp">
      <Filter>Engine</Filter>
    </ClCompile>
    <ClCompile Include="Engine\R9ImgLoader.cpp">
      <Filter>Engine</Filter>
    </ClCompile>
    <ClCompile Include="StdAfx.cpp" />
    <ClCompile Include="tgaoperations.cpp" />
    <ClCompile Include="tgaworks.cpp" />
    <ClCompile Include="util.cpp" />
  </ItemGroup>
  <ItemGroup>
    <ClInclude Include="Engine\D9Debug.h">
      <Filter>Engine</Filter>
    </ClInclude>
    <ClInclude Include="Engine\E9System.h">
      <Filter>Engine</Filter>
    </ClInclude>
    <ClInclude Include="Engine\F9Files.h">
      <Filter>Engine</Filter>
    </ClInclude>
    <ClInclude Include="Engine\R9Img.h">
      <Filter>Engine</Filter>
    </ClInclude>
    <ClInclude Include="Engine\R9ImgLoader.h">
      <Filter>Engine</Filter>
    </ClInclude>
    <ClInclude Include="resource.h" />
    <ClInclude Include="StdAfx.h" />
    <ClInclude Include="tgaoperations.h" />
    <ClInclude Include="util.h" />
  </ItemGroup>
  <ItemGroup>
    <ResourceCompile Include="tgaworks.rc" />
  </ItemGroup>
  <ItemGroup>
    <Image Include="Tool.ico" />
  </ItemGroup>
</Project>